
Microsoft Visual Studio Solution File, Format Version 12.00
# Visual Studio Version 17
VisualStudioVersion = 17.0.31903.59
MinimumVisualStudioVersion = 10.0.40219.1
Project("{FAE04EC0-301F-11D3-BF4B-00C04F79EFBC}") = "producer", "producer\producer.csproj", "{56F05070-982F-47F8-844B-0742EDA04845}"
EndProject
Project("{FAE04EC0-301F-11D3-BF4B-00C04F79EFBC}") = "consumer", "consumer\consumer.csproj", "{F188F780-3D8D-4EE5-B281-7ACE6F0DDB55}"
EndProject
Global
	GlobalSection(SolutionConfigurationPlatforms) = preSolution
		Debug|Any CPU = Debug|Any CPU
		Release|Any CPU = Release|Any CPU
	EndGlobalSection
	GlobalSection(SolutionProperties) = preSolution
		HideSolutionNode = FALSE
	EndGlobalSection
	GlobalSection(ProjectConfigurationPlatforms) = postSolution
		{56F05070-982F-47F8-844B-0742EDA04845}.Debug|Any CPU.ActiveCfg = Debug|Any CPU
		{56F05070-982F-47F8-844B-0742EDA04845}.Debug|Any CPU.Build.0 = Debug|Any CPU
		{56F05070-982F-47F8-844B-0742EDA04845}.Release|Any CPU.ActiveCfg = Release|Any CPU
		{56F05070-982F-47F8-844B-0742EDA04845}.Release|Any CPU.Build.0 = Release|Any CPU
		{F188F780-3D8D-4EE5-B281-7ACE6F0DDB55}.Debug|Any CPU.ActiveCfg = Debug|Any CPU
		{F188F780-3D8D-4EE5-B281-7ACE6F0DDB55}.Debug|Any CPU.Build.0 = Debug|Any CPU
		{F188F780-3D8D-4EE5-B281-7ACE6F0DDB55}.Release|Any CPU.ActiveCfg = Release|Any CPU
		{F188F780-3D8D-4EE5-B281-7ACE6F0DDB55}.Release|Any CPU.Build.0 = Release|Any CPU
	EndGlobalSection
EndGlobal
